
Microsoft Visual Studio Solution File, Format Version 12.00
# Visual Studio Version 16
VisualStudioVersion = 16.0.31605.320
MinimumVisualStudioVersion = 10.0.40219.1
Project("{FAE04EC0-301F-11D3-BF4B-00C04F79EFBC}") = "WebSite", "WebSite\WebSite.csproj", "{04E0ABC8-FF96-4125-903C-69B8AF43F805}"
EndProject
Global
	GlobalSection(SolutionConfigurationPlatforms) = preSolution
		Debug|Any CPU = Debug|Any CPU
		Release|Any CPU = Release|Any CPU
	EndGlobalSection
	GlobalSection(ProjectConfigurationPlatforms) = postSolution
		{04E0ABC8-FF96-4125-903C-69B8AF43F805}.Debug|Any CPU.ActiveCfg = Debug|Any CPU
		{04E0ABC8-FF96-4125-903C-69B8AF43F805}.Debug|Any CPU.Build.0 = Debug|Any CPU
		{04E0ABC8-FF96-4125-903C-69B8AF43F805}.Release|Any CPU.ActiveCfg = Release|Any CPU
		{04E0ABC8-FF96-4125-903C-69B8AF43F805}.Release|Any CPU.Build.0 = Release|Any CPU
	EndGlobalSection
	GlobalSection(SolutionProperties) = preSolution
		HideSolutionNode = FALSE
	EndGlobalSection
	GlobalSection(ExtensibilityGlobals) = postSolution
		SolutionGuid = {A197EDB0-BBE7-477F-A47B-528EC2253DA3}
	EndGlobalSection
EndGlobal
